{
  "name": "codequest-bugged-kingdom",
  "version": "1.0.0",
  "lockfileVersion": 2,
  "requires": true,
  "packages": {
    "": {
      "name": "codequest-bugged-kingdom",
      "version": "1.0.0",
      "devDependencies": {
        "tailwindcss": "^3.4.1",
        "postcss": "^8.4.38",
        "autoprefixer": "^10.4.17",
        "@vitejs/plugin-react": "^4.0.0",
        "vite": "^4.3.0"
      }
    }
  }
}